
Microsoft Visual Studio Solution File, Format Version 12.00
# Visual Studio 2012
Project("{FAE04EC0-301F-11D3-BF4B-00C04F79EFBC}") = "Bus40", "Bus40\Bus40.csproj", "{3FE79059-54F8-4DD3-97AA-786BE0D6311E}"
EndProject
Project("{FAE04EC0-301F-11D3-BF4B-00C04F79EFBC}") = "Bus40.Tests", "Bus40.Tests\Bus40.Tests.csproj", "{C1E9E7D1-5707-4361-BEAD-EB33CE1A423C}"
EndProject
Global
	GlobalSection(SolutionConfigurationPlatforms) = preSolution
		Debug|Any CPU = Debug|Any CPU
		Release|Any CPU = Release|Any CPU
	EndGlobalSection
	GlobalSection(ProjectConfigurationPlatforms) = postSolution
		{3FE79059-54F8-4DD3-97AA-786BE0D6311E}.Debug|Any CPU.ActiveCfg = Debug|Any CPU
		{3FE79059-54F8-4DD3-97AA-786BE0D6311E}.Debug|Any CPU.Build.0 = Debug|Any CPU
		{3FE79059-54F8-4DD3-97AA-786BE0D6311E}.Release|Any CPU.ActiveCfg = Release|Any CPU
		{3FE79059-54F8-4DD3-97AA-786BE0D6311E}.Release|Any CPU.Build.0 = Release|Any CPU
		{C1E9E7D1-5707-4361-BEAD-EB33CE1A423C}.Debug|Any CPU.ActiveCfg = Debug|Any CPU
		{C1E9E7D1-5707-4361-BEAD-EB33CE1A423C}.Debug|Any CPU.Build.0 = Debug|Any CPU
		{C1E9E7D1-5707-4361-BEAD-EB33CE1A423C}.Release|Any CPU.ActiveCfg = Release|Any CPU
		{C1E9E7D1-5707-4361-BEAD-EB33CE1A423C}.Release|Any CPU.Build.0 = Release|Any CPU
	EndGlobalSection
	GlobalSection(SolutionProperties) = preSolution
		HideSolutionNode = FALSE
	EndGlobalSection
EndGlobal
